
Microsoft Visual Studio Solution File, Format Version 12.00
# Visual Studio Version 17
VisualStudioVersion = 17.4.32912.340
MinimumVisualStudioVersion = 10.0.40219.1
Project("{FAE04EC0-301F-11D3-BF4B-00C04F79EFBC}") = "CCW.Application", "CCW.Application.csproj", "{699D448A-7194-4099-894D-40B4464EA771}"
EndProject
Global
	GlobalSection(SolutionConfigurationPlatforms) = preSolution
		Debug|Any CPU = Debug|Any CPU
		Release|Any CPU = Release|Any CPU
	EndGlobalSection
	GlobalSection(ProjectConfigurationPlatforms) = postSolution
		{699D448A-7194-4099-894D-40B4464EA771}.Debug|Any CPU.ActiveCfg = Debug|Any CPU
		{699D448A-7194-4099-894D-40B4464EA771}.Debug|Any CPU.Build.0 = Debug|Any CPU
		{699D448A-7194-4099-894D-40B4464EA771}.Release|Any CPU.ActiveCfg = Release|Any CPU
		{699D448A-7194-4099-894D-40B4464EA771}.Release|Any CPU.Build.0 = Release|Any CPU
	EndGlobalSection
	GlobalSection(SolutionProperties) = preSolution
		HideSolutionNode = FALSE
	EndGlobalSection
	GlobalSection(ExtensibilityGlobals) = postSolution
		SolutionGuid = {F7885537-4E0B-49DA-BBED-22CF3CA0077A}
	EndGlobalSection
EndGlobal
