
Microsoft Visual Studio Solution File, Format Version 12.00
# Visual Studio Version 17
VisualStudioVersion = 17.4.32912.340
MinimumVisualStudioVersion = 10.0.40219.1
Project("{9A19103F-16F7-4668-BE54-9A1E7A4F7556}") = "CCW.Common", "CCW.Common\CCW.Common.csproj", "{D4FD3518-F15B-40FA-9BB6-8EE10D5B57A3}"
EndProject
Project("{9A19103F-16F7-4668-BE54-9A1E7A4F7556}") = "CCW.UserProfile", "CCW.UserProfile\CCW.UserProfile.csproj", "{FA88DA8D-BA64-48B6-8213-6783FD0A630F}"
EndProject
Global
	GlobalSection(SolutionConfigurationPlatforms) = preSolution
		Debug|Any CPU = Debug|Any CPU
		Release|Any CPU = Release|Any CPU
	EndGlobalSection
	GlobalSection(ProjectConfigurationPlatforms) = postSolution
		{D4FD3518-F15B-40FA-9BB6-8EE10D5B57A3}.Debug|Any CPU.ActiveCfg = Debug|Any CPU
		{D4FD3518-F15B-40FA-9BB6-8EE10D5B57A3}.Debug|Any CPU.Build.0 = Debug|Any CPU
		{D4FD3518-F15B-40FA-9BB6-8EE10D5B57A3}.Release|Any CPU.ActiveCfg = Release|Any CPU
		{D4FD3518-F15B-40FA-9BB6-8EE10D5B57A3}.Release|Any CPU.Build.0 = Release|Any CPU
		{FA88DA8D-BA64-48B6-8213-6783FD0A630F}.Debug|Any CPU.ActiveCfg = Debug|Any CPU
		{FA88DA8D-BA64-48B6-8213-6783FD0A630F}.Debug|Any CPU.Build.0 = Debug|Any CPU
		{FA88DA8D-BA64-48B6-8213-6783FD0A630F}.Release|Any CPU.ActiveCfg = Release|Any CPU
		{FA88DA8D-BA64-48B6-8213-6783FD0A630F}.Release|Any CPU.Build.0 = Release|Any CPU
	EndGlobalSection
	GlobalSection(SolutionProperties) = preSolution
		HideSolutionNode = FALSE
	EndGlobalSection
	GlobalSection(ExtensibilityGlobals) = postSolution
		SolutionGuid = {FA24DD41-B2CD-4E9C-9FBC-7D3C3C50A0B9}
	EndGlobalSection
EndGlobal
